<?xml version="1.0" encoding="utf-8"?>
<Project ToolsVersion="4.0" xmlns="http://schemas.microsoft.com/developer/msbuild/2003">
  <ItemGroup>
    <Filter Include="Source Files">
      <UniqueIdentifier>{4FC737F1-C7A5-4376-A066-2A32D752A2FF}</UniqueIdentifier>
      <Extensions>cpp;c;cc;cxx;def;odl;idl;hpj;bat;asm;asmx</Extensions>
    </Filter>
    <Filter Include="Header Files">
      <UniqueIdentifier>{93995380-89BD-4b04-88EB-625FBE52EBFB}</UniqueIdentifier>
      <Extensions>h;hpp;hxx;hm;inl;inc;xsd</Extensions>
    </Filter>
    <Filter Include="Resource Files">
      <UniqueIdentifier>{67DA6AB6-F800-4c08-8B7A-83BB121AAD01}</UniqueIdentifier>
      <Extensions>rc;ico;cur;bmp;dlg;rc2;rct;bin;rgs;gif;jpg;jpeg;jpe;resx;tiff;tif;png;wav;mfcribbon-ms</Extensions>
    </Filter>
    <Filter Include="Header Files\events">
      <UniqueIdentifier>{d555f807-4c8e-4d26-b6de-4223f85b0c5a}</UniqueIdentifier>
    </Filter>
  </ItemGroup>
  <ItemGroup>
    <Library Include="CQP.lib" />
  </ItemGroup>
  <ItemGroup>
    <ClCompile Include="src\ThreadBase.cpp">
      <Filter>Source Files</Filter>
    </ClCompile>
    <ClCompile Include="src\stdafx.cpp">
      <Filter>Source Files</Filter>
    </ClCompile>
    <ClCompile Include="src\dllmain.cpp">
      <Filter>Source Files</Filter>
    </ClCompile>
    <ClCompile Include="src\appmain.cpp">
      <Filter>Source Files</Filter>
    </ClCompile>
    <ClCompile Include="src\bombGamePlugin.cpp">
      <Filter>Source Files</Filter>
    </ClCompile>
    <ClCompile Include="src\plugin.cpp">
      <Filter>Source Files</Filter>
    </ClCompile>
  </ItemGroup>
  <ItemGroup>
    <ClInclude Include="src\cqp.h">
      <Filter>Header Files</Filter>
    </ClInclude>
    <ClInclude Include="src\stdafx.h">
      <Filter>Header Files</Filter>
    </ClInclude>
    <ClInclude Include="src\targetver.h">
      <Filter>Header Files</Filter>
    </ClInclude>
    <ClInclude Include="src\ThreadBase.h">
      <Filter>Header Files</Filter>
    </ClInclude>
    <ClInclude Include="src\channel.h">
      <Filter>Header Files</Filter>
    </ClInclude>
    <ClInclude Include="src\appinfo.h">
      <Filter>Header Files</Filter>
    </ClInclude>
    <ClInclude Include="src\event.h">
      <Filter>Header Files\events</Filter>
    </ClInclude>
    <ClInclude Include="src\groupMsg.h">
      <Filter>Header Files</Filter>
    </ClInclude>
    <ClInclude Include="src\groupMessageEvent.h">
      <Filter>Header Files\events</Filter>
    </ClInclude>
    <ClInclude Include="src\enabledEvent.h">
      <Filter>Header Files\events</Filter>
    </ClInclude>
    <ClInclude Include="src\disabledEvent.h">
      <Filter>Header Files\events</Filter>
    </ClInclude>
    <ClInclude Include="src\setAuthCodeEvent.h">
      <Filter>Header Files\events</Filter>
    </ClInclude>
    <ClInclude Include="src\events.h">
      <Filter>Header Files\events</Filter>
    </ClInclude>
    <ClInclude Include="src\initEvent.h">
      <Filter>Header Files\events</Filter>
    </ClInclude>
    <ClInclude Include="src\exitEvent.h">
      <Filter>Header Files\events</Filter>
    </ClInclude>
    <ClInclude Include="src\bombGamePlugin.h">
      <Filter>Header Files</Filter>
    </ClInclude>
    <ClInclude Include="src\plugin.h">
      <Filter>Header Files</Filter>
    </ClInclude>
  </ItemGroup>
  <ItemGroup>
    <None Include="com.numbomb.game.json" />
  </ItemGroup>
</Project>